{
    "_readme": [
        "This file locks the dependencies of your project to a known state",
        "Read more about it at https://getcomposer.org/doc/01-basic-usage.md#installing-dependencies",
        "This file is @generated automatically"
    ],
    "content-hash": "5fab1caa0f476eb66cad0bc50108a430",
    "packages": [
        {
            "name": "babucat/aeat",
            "version": "dev-master",
            "source": {
                "type": "git",
                "url": "https://github.com/babu-cat/AEAT.git",
                "reference": "44aee7d678a0d08cc0e6aef74a960a172bf9a4b7"
            },
            "dist": {
                "type": "zip",
                "url": "https://api.github.com/repos/babu-cat/AEAT/zipball/44aee7d678a0d08cc0e6aef74a960a172bf9a4b7",
                "reference": "44aee7d678a0d08cc0e6aef74a960a172bf9a4b7",
                "shasum": ""
            },
            "require-dev": {
                "phpunit/phpunit": "^10.5"
            },
            "default-branch": true,
            "type": "library",
            "autoload": {
                "psr-4": {
                    "babucat\\AEAT\\": "src/"
                },
                "files": [
                    "src/AEAT182.php",
                    "src/AEAT182RBase.php",
                    "src/AEAT182RDeclarant.php",
                    "src/AEAT182RDeclared.php"
                ]
            },
            "autoload-dev": {
                "psr-4": {
                    "babucat\\tests\\AEAT\\": "tests/"
                }
            },
            "license": [
                "MIT"
            ],
            "authors": [
                {
                    "name": "Francesc Bassas i Bullich"
                },
                {
                    "name": "Xavier de la Encarnación Gómez"
                }
            ],
            "description": "Utilidad PHP de propósito general para la confección y presentación de modelos de la [Agencia Estatal de Administració Tributaria](https://www.agenciatributaria.es).",
            "support": {
                "source": "https://github.com/babu-cat/AEAT/tree/master",
                "issues": "https://github.com/babu-cat/AEAT/issues"
            },
            "time": "2024-02-06T12:17:46+00:00"
        }
    ],
    "packages-dev": [],
    "aliases": [],
    "minimum-stability": "stable",
    "stability-flags": {
        "babucat/aeat": 20
    },
    "prefer-stable": false,
    "prefer-lowest": false,
    "platform": [],
    "platform-dev": [],
    "plugin-api-version": "2.3.0"
}
